
Microsoft Visual Studio Solution File, Format Version 12.00
# Visual Studio Version 16
VisualStudioVersion = 16.0.31702.278
MinimumVisualStudioVersion = 10.0.40219.1
Project("{FAE04EC0-301F-11D3-BF4B-00C04F79EFBC}") = "АСД.ЛР2", "АСД.ЛР2\АСД.ЛР2.csproj", "{B62C9B2E-9E7F-4DBF-A895-BEFB1180B1FF}"
EndProject
Global
	GlobalSection(SolutionConfigurationPlatforms) = preSolution
		Debug|Any CPU = Debug|Any CPU
		Release|Any CPU = Release|Any CPU
	EndGlobalSection
	GlobalSection(ProjectConfigurationPlatforms) = postSolution
		{B62C9B2E-9E7F-4DBF-A895-BEFB1180B1FF}.Debug|Any CPU.ActiveCfg = Debug|Any CPU
		{B62C9B2E-9E7F-4DBF-A895-BEFB1180B1FF}.Debug|Any CPU.Build.0 = Debug|Any CPU
		{B62C9B2E-9E7F-4DBF-A895-BEFB1180B1FF}.Release|Any CPU.ActiveCfg = Release|Any CPU
		{B62C9B2E-9E7F-4DBF-A895-BEFB1180B1FF}.Release|Any CPU.Build.0 = Release|Any CPU
	EndGlobalSection
	GlobalSection(SolutionProperties) = preSolution
		HideSolutionNode = FALSE
	EndGlobalSection
	GlobalSection(ExtensibilityGlobals) = postSolution
		SolutionGuid = {F7E4851E-EA27-4CEA-B624-A498A7106C4B}
	EndGlobalSection
EndGlobal
